// !$*UTF8*$!
{
	archiveVersion = 1;
	classes = {
	};
	objectVersion = 56;
	objects = {

/* Begin PBXBuildFile section */
		9A051E8D2ADD841600B14470 /* GoToSleepApp.swift in Sources */ = {isa = PBXBuildFile; fileRef = 9A051E8C2ADD841600B14470 /* GoToSleepApp.swift */; };
		9A427AF62ADC596B00C1ED9A /* SetButton.swift in Sources */ = {isa = PBXBuildFile; fileRef = 9A427AF52ADC596B00C1ED9A /* SetButton.swift */; };
		9A4F23652ADD915B002F0D75 /* FontExtensions.swift in Sources */ = {isa = PBXBuildFile; fileRef = 9A4F23642ADD915B002F0D75 /* FontExtensions.swift */; };
		9A4F23672ADD92A2002F0D75 /* SplashScreen.swift in Sources */ = {isa = PBXBuildFile; fileRef = 9A4F23662ADD92A2002F0D75 /* SplashScreen.swift */; };
		9A54F3A52AA7224D00304083 /* Preview Assets.xcassets in Resources */ = {isa = PBXBuildFile; fileRef = 9A54F3A42AA7224D00304083 /* Preview Assets.xcassets */; };
		9A6149E82AA68FC90030F2FF /* Assets.xcassets in Resources */ = {isa = PBXBuildFile; fileRef = 9A6149E72AA68FC90030F2FF /* Assets.xcassets */; };
		9A6149EA2AA6A4700030F2FF /* HamburgerButton.swift in Sources */ = {isa = PBXBuildFile; fileRef = 9A6149E92AA6A4700030F2FF /* HamburgerButton.swift */; };
		9A65C2292AA5FFFA005C5F35 /* SideBarView.swift in Sources */ = {isa = PBXBuildFile; fileRef = 9A65C2282AA5FFFA005C5F35 /* SideBarView.swift */; };
		9A86058F2ADD7FFA00311688 /* Alata-Regular.ttf in Resources */ = {isa = PBXBuildFile; fileRef = 9A86058E2ADD7FFA00311688 /* Alata-Regular.ttf */; };
		9ACD0DD62AA0AD77008C8656 /* MainView.swift in Sources */ = {isa = PBXBuildFile; fileRef = 9ACD0DD52AA0AD77008C8656 /* MainView.swift */; };
		9ACD0DD82AA0ADDF008C8656 /* ColorExtensions.swift in Sources */ = {isa = PBXBuildFile; fileRef = 9ACD0DD72AA0ADDF008C8656 /* ColorExtensions.swift */; };
		9ACF584F2AA2CE03004F7C27 /* ListView.swift in Sources */ = {isa = PBXBuildFile; fileRef = 9ACF584E2AA2CE03004F7C27 /* ListView.swift */; };
		9AF65AF02AA1E8FD00276B81 /* Cycle.swift in Sources */ = {isa = PBXBuildFile; fileRef = 9AF65AEF2AA1E8FD00276B81 /* Cycle.swift */; };
		9AFDCE6D2AA0749C006E383C /* DataController.swift in Sources */ = {isa = PBXBuildFile; fileRef = 9AFDCE6C2AA0749C006E383C /* DataController.swift */; };
/* End PBXBuildFile section */

/* Begin PBXFileReference section */
		9A051E8C2ADD841600B14470 /* GoToSleepApp.swift */ = {isa = PBXFileReference; lastKnownFileType = sourcecode.swift; path = GoToSleepApp.swift; sourceTree = "<group>"; };
		9A427AF52ADC596B00C1ED9A /* SetButton.swift */ = {isa = PBXFileReference; lastKnownFileType = sourcecode.swift; path = SetButton.swift; sourceTree = "<group>"; };
		9A4F23642ADD915B002F0D75 /* FontExtensions.swift */ = {isa = PBXFileReference; lastKnownFileType = sourcecode.swift; path = FontExtensions.swift; sourceTree = "<group>"; };
		9A4F23662ADD92A2002F0D75 /* SplashScreen.swift */ = {isa = PBXFileReference; lastKnownFileType = sourcecode.swift; path = SplashScreen.swift; sourceTree = "<group>"; };
		9A54F3A42AA7224D00304083 /* Preview Assets.xcassets */ = {isa = PBXFileReference; lastKnownFileType = folder.assetcatalog; path = "Preview Assets.xcassets"; sourceTree = "<group>"; };
		9A6149E72AA68FC90030F2FF /* Assets.xcassets */ = {isa = PBXFileReference; lastKnownFileType = folder.assetcatalog; path = Assets.xcassets; sourceTree = "<group>"; };
		9A6149E92AA6A4700030F2FF /* HamburgerButton.swift */ = {isa = PBXFileReference; lastKnownFileType = sourcecode.swift; path = HamburgerButton.swift; sourceTree = "<group>"; };
		9A65C2282AA5FFFA005C5F35 /* SideBarView.swift */ = {isa = PBXFileReference; lastKnownFileType = sourcecode.swift; path = SideBarView.swift; sourceTree = "<group>"; };
		9A86058E2ADD7FFA00311688 /* Alata-Regular.ttf */ = {isa = PBXFileReference; lastKnownFileType = file; path = "Alata-Regular.ttf"; sourceTree = "<group>"; };
		9ACD0DD52AA0AD77008C8656 /* MainView.swift */ = {isa = PBXFileReference; lastKnownFileType = sourcecode.swift; path = MainView.swift; sourceTree = "<group>"; };
		9ACD0DD72AA0ADDF008C8656 /* ColorExtensions.swift */ = {isa = PBXFileReference; lastKnownFileType = sourcecode.swift; path = ColorExtensions.swift; sourceTree = "<group>"; };
		9ACF584E2AA2CE03004F7C27 /* ListView.swift */ = {isa = PBXFileReference; lastKnownFileType = sourcecode.swift; path = ListView.swift; sourceTree = "<group>"; };
		9AF65AEF2AA1E8FD00276B81 /* Cycle.swift */ = {isa = PBXFileReference; lastKnownFileType = sourcecode.swift; path = Cycle.swift; sourceTree = "<group>"; };
		9AFDCE372AA07398006E383C /* GoToSleep.app */ = {isa = PBXFileReference; explicitFileType = wrapper.application; includeInIndex = 0; path = GoToSleep.app; sourceTree = BUILT_PRODUCTS_DIR; };
		9AFDCE6C2AA0749C006E383C /* DataController.swift */ = {isa = PBXFileReference; lastKnownFileType = sourcecode.swift; path = DataController.swift; sourceTree = "<group>"; };
/* End PBXFileReference section */

/* Begin PBXFrameworksBuildPhase section */
		9AFDCE342AA07398006E383C /* Frameworks */ = {
			isa = PBXFrameworksBuildPhase;
			buildActionMask = 2147483647;
			files = (
			);
			runOnlyForDeploymentPostprocessing = 0;
		};
/* End PBXFrameworksBuildPhase section */

/* Begin PBXGroup section */
		9A86058D2ADD7FD700311688 /* font */ = {
			isa = PBXGroup;
			children = (
				9A86058E2ADD7FFA00311688 /* Alata-Regular.ttf */,
			);
			path = font;
			sourceTree = "<group>";
		};
		9AFD329B2AA70D650086E699 /* views structs */ = {
			isa = PBXGroup;
			children = (
				9A6149E92AA6A4700030F2FF /* HamburgerButton.swift */,
				9A427AF52ADC596B00C1ED9A /* SetButton.swift */,
				9A65C2282AA5FFFA005C5F35 /* SideBarView.swift */,
				9ACF584E2AA2CE03004F7C27 /* ListView.swift */,
			);
			path = "views structs";
			sourceTree = "<group>";
		};
		9AFDCE2E2AA07398006E383C = {
			isa = PBXGroup;
			children = (
				9AFDCE392AA07398006E383C /* GoToSleep */,
				9AFDCE382AA07398006E383C /* Products */,
			);
			sourceTree = "<group>";
		};
		9AFDCE382AA07398006E383C /* Products */ = {
			isa = PBXGroup;
			children = (
				9AFDCE372AA07398006E383C /* GoToSleep.app */,
			);
			name = Products;
			sourceTree = "<group>";
		};
		9AFDCE392AA07398006E383C /* GoToSleep */ = {
			isa = PBXGroup;
			children = (
				9A051E8C2ADD841600B14470 /* GoToSleepApp.swift */,
				9A6149E72AA68FC90030F2FF /* Assets.xcassets */,
				9AFDCE752AA07510006E383C /* data */,
				9AFDCE762AA07523006E383C /* controller */,
				9AFDCE742AA074FA006E383C /* views screens */,
				9AFD329B2AA70D650086E699 /* views structs */,
				9AFDCE772AA07544006E383C /* extensions */,
				9A86058D2ADD7FD700311688 /* font */,
				9AFDCE402AA07399006E383C /* Preview Content */,
			);
			path = GoToSleep;
			sourceTree = "<group>";
		};
		9AFDCE402AA07399006E383C /* Preview Content */ = {
			isa = PBXGroup;
			children = (
				9A54F3A42AA7224D00304083 /* Preview Assets.xcassets */,
			);
			path = "Preview Content";
			sourceTree = "<group>";
		};
		9AFDCE742AA074FA006E383C /* views screens */ = {
			isa = PBXGroup;
			children = (
				9A4F23662ADD92A2002F0D75 /* SplashScreen.swift */,
				9ACD0DD52AA0AD77008C8656 /* MainView.swift */,
			);
			path = "views screens";
			sourceTree = "<group>";
		};
		9AFDCE752AA07510006E383C /* data */ = {
			isa = PBXGroup;
			children = (
				9AF65AEF2AA1E8FD00276B81 /* Cycle.swift */,
			);
			path = data;
			sourceTree = "<group>";
		};
		9AFDCE762AA07523006E383C /* controller */ = {
			isa = PBXGroup;
			children = (
				9AFDCE6C2AA0749C006E383C /* DataController.swift */,
			);
			path = controller;
			sourceTree = "<group>";
		};
		9AFDCE772AA07544006E383C /* extensions */ = {
			isa = PBXGroup;
			children = (
				9ACD0DD72AA0ADDF008C8656 /* ColorExtensions.swift */,
				9A4F23642ADD915B002F0D75 /* FontExtensions.swift */,
			);
			path = extensions;
			sourceTree = "<group>";
		};
/* End PBXGroup section */

/* Begin PBXNativeTarget section */
		9AFDCE362AA07398006E383C /* GoToSleep */ = {
			isa = PBXNativeTarget;
			buildConfigurationList = 9AFDCE5B2AA07399006E383C /* Build configuration list for PBXNativeTarget "GoToSleep" */;
			buildPhases = (
				9AFDCE332AA07398006E383C /* Sources */,
				9AFDCE342AA07398006E383C /* Frameworks */,
				9AFDCE352AA07398006E383C /* Resources */,
			);
			buildRules = (
			);
			dependencies = (
			);
			name = GoToSleep;
			productName = GoToSleep;
			productReference = 9AFDCE372AA07398006E383C /* GoToSleep.app */;
			productType = "com.apple.product-type.application";
		};
/* End PBXNativeTarget section */

/* Begin PBXProject section */
		9AFDCE2F2AA07398006E383C /* Project object */ = {
			isa = PBXProject;
			attributes = {
				BuildIndependentTargetsInParallel = 1;
				LastSwiftUpdateCheck = 1430;
				LastUpgradeCheck = 1430;
				TargetAttributes = {
					9AFDCE362AA07398006E383C = {
						CreatedOnToolsVersion = 14.3.1;
					};
				};
			};
			buildConfigurationList = 9AFDCE322AA07398006E383C /* Build configuration list for PBXProject "GoToSleep" */;
			compatibilityVersion = "Xcode 14.0";
			developmentRegion = en;
			hasScannedForEncodings = 0;
			knownRegions = (
				en,
				Base,
			);
			mainGroup = 9AFDCE2E2AA07398006E383C;
			productRefGroup = 9AFDCE382AA07398006E383C /* Products */;
			projectDirPath = "";
			projectRoot = "";
			targets = (
				9AFDCE362AA07398006E383C /* GoToSleep */,
			);
		};
/* End PBXProject section */

/* Begin PBXResourcesBuildPhase section */
		9AFDCE352AA07398006E383C /* Resources */ = {
			isa = PBXResourcesBuildPhase;
			buildActionMask = 2147483647;
			files = (
				9A86058F2ADD7FFA00311688 /* Alata-Regular.ttf in Resources */,
				9A6149E82AA68FC90030F2FF /* Assets.xcassets in Resources */,
				9A54F3A52AA7224D00304083 /* Preview Assets.xcassets in Resources */,
			);
			runOnlyForDeploymentPostprocessing = 0;
		};
/* End PBXResourcesBuildPhase section */

/* Begin PBXSourcesBuildPhase section */
		9AFDCE332AA07398006E383C /* Sources */ = {
			isa = PBXSourcesBuildPhase;
			buildActionMask = 2147483647;
			files = (
				9AFDCE6D2AA0749C006E383C /* DataController.swift in Sources */,
				9ACD0DD62AA0AD77008C8656 /* MainView.swift in Sources */,
				9A4F23652ADD915B002F0D75 /* FontExtensions.swift in Sources */,
				9AF65AF02AA1E8FD00276B81 /* Cycle.swift in Sources */,
				9ACD0DD82AA0ADDF008C8656 /* ColorExtensions.swift in Sources */,
				9A6149EA2AA6A4700030F2FF /* HamburgerButton.swift in Sources */,
				9A65C2292AA5FFFA005C5F35 /* SideBarView.swift in Sources */,
				9A4F23672ADD92A2002F0D75 /* SplashScreen.swift in Sources */,
				9A051E8D2ADD841600B14470 /* GoToSleepApp.swift in Sources */,
				9ACF584F2AA2CE03004F7C27 /* ListView.swift in Sources */,
				9A427AF62ADC596B00C1ED9A /* SetButton.swift in Sources */,
			);
			runOnlyForDeploymentPostprocessing = 0;
		};
/* End PBXSourcesBuildPhase section */

/* Begin XCBuildConfiguration section */
		9AFDCE592AA07399006E383C /* Debug */ = {
			isa = XCBuildConfiguration;
			buildSettings = {
				ALWAYS_SEARCH_USER_PATHS = NO;
				CLANG_ANALYZER_NONNULL = YES;
				CLANG_ANALYZER_NUMBER_OBJECT_CONVERSION = YES_AGGRESSIVE;
				CLANG_CXX_LANGUAGE_STANDARD = "gnu++20";
				CLANG_ENABLE_MODULES = YES;
				CLANG_ENABLE_OBJC_ARC = YES;
				CLANG_ENABLE_OBJC_WEAK = YES;
				CLANG_WARN_BLOCK_CAPTURE_AUTORELEASING = YES;
				CLANG_WARN_BOOL_CONVERSION = YES;
				CLANG_WARN_COMMA = YES;
				CLANG_WARN_CONSTANT_CONVERSION = YES;
				CLANG_WARN_DEPRECATED_OBJC_IMPLEMENTATIONS = YES;
				CLANG_WARN_DIRECT_OBJC_ISA_USAGE = YES_ERROR;
				CLANG_WARN_DOCUMENTATION_COMMENTS = YES;
				CLANG_WARN_EMPTY_BODY = YES;
				CLANG_WARN_ENUM_CONVERSION = YES;
				CLANG_WARN_INFINITE_RECURSION = YES;
				CLANG_WARN_INT_CONVERSION = YES;
				CLANG_WARN_NON_LITERAL_NULL_CONVERSION = YES;
				CLANG_WARN_OBJC_IMPLICIT_RETAIN_SELF = YES;
				CLANG_WARN_OBJC_LITERAL_CONVERSION = YES;
				CLANG_WARN_OBJC_ROOT_CLASS = YES_ERROR;
				CLANG_WARN_QUOTED_INCLUDE_IN_FRAMEWORK_HEADER = YES;
				CLANG_WARN_RANGE_LOOP_ANALYSIS = YES;
				CLANG_WARN_STRICT_PROTOTYPES = YES;
				CLANG_WARN_SUSPICIOUS_MOVE = YES;
				CLANG_WARN_UNGUARDED_AVAILABILITY = YES_AGGRESSIVE;
				CLANG_WARN_UNREACHABLE_CODE = YES;
				CLANG_WARN__DUPLICATE_METHOD_MATCH = YES;
				COPY_PHASE_STRIP = NO;
				DEBUG_INFORMATION_FORMAT = dwarf;
				ENABLE_STRICT_OBJC_MSGSEND = YES;
				ENABLE_TESTABILITY = YES;
				GCC_C_LANGUAGE_STANDARD = gnu11;
				GCC_DYNAMIC_NO_PIC = NO;
				GCC_NO_COMMON_BLOCKS = YES;
				GCC_OPTIMIZATION_LEVEL = 0;
				GCC_PREPROCESSOR_DEFINITIONS = (
					"DEBUG=1",
					"$(inherited)",
				);
				GCC_WARN_64_TO_32_BIT_CONVERSION = YES;
				GCC_WARN_ABOUT_RETURN_TYPE = YES_ERROR;
				GCC_WARN_UNDECLARED_SELECTOR = YES;
				GCC_WARN_UNINITIALIZED_AUTOS = YES_AGGRESSIVE;
				GCC_WARN_UNUSED_FUNCTION = YES;
				GCC_WARN_UNUSED_VARIABLE = YES;
				IPHONEOS_DEPLOYMENT_TARGET = 16.4;
				MTL_ENABLE_DEBUG_INFO = INCLUDE_SOURCE;
				MTL_FAST_MATH = YES;
				ONLY_ACTIVE_ARCH = YES;
				SDKROOT = iphoneos;
				SWIFT_ACTIVE_COMPILATION_CONDITIONS = DEBUG;
				SWIFT_OPTIMIZATION_LEVEL = "-Onone";
			};
			name = Debug;
		};
		9AFDCE5A2AA07399006E383C /* Release */ = {
			isa = XCBuildConfiguration;
			buildSettings = {
				ALWAYS_SEARCH_USER_PATHS = NO;
				CLANG_ANALYZER_NONNULL = YES;
				CLANG_ANALYZER_NUMBER_OBJECT_CONVERSION = YES_AGGRESSIVE;
				CLANG_CXX_LANGUAGE_STANDARD = "gnu++20";
				CLANG_ENABLE_MODULES = YES;
				CLANG_ENABLE_OBJC_ARC = YES;
				CLANG_ENABLE_OBJC_WEAK = YES;
				CLANG_WARN_BLOCK_CAPTURE_AUTORELEASING = YES;
				CLANG_WARN_BOOL_CONVERSION = YES;
				CLANG_WARN_COMMA = YES;
				CLANG_WARN_CONSTANT_CONVERSION = YES;
				CLANG_WARN_DEPRECATED_OBJC_IMPLEMENTATIONS = YES;
				CLANG_WARN_DIRECT_OBJC_ISA_USAGE = YES_ERROR;
				CLANG_WARN_DOCUMENTATION_COMMENTS = YES;
				CLANG_WARN_EMPTY_BODY = YES;
				CLANG_WARN_ENUM_CONVERSION = YES;
				CLANG_WARN_INFINITE_RECURSION = YES;
				CLANG_WARN_INT_CONVERSION = YES;
				CLANG_WARN_NON_LITERAL_NULL_CONVERSION = YES;
				CLANG_WARN_OBJC_IMPLICIT_RETAIN_SELF = YES;
				CLANG_WARN_OBJC_LITERAL_CONVERSION = YES;
				CLANG_WARN_OBJC_ROOT_CLASS = YES_ERROR;
				CLANG_WARN_QUOTED_INCLUDE_IN_FRAMEWORK_HEADER = YES;
				CLANG_WARN_RANGE_LOOP_ANALYSIS = YES;
				CLANG_WARN_STRICT_PROTOTYPES = YES;
				CLANG_WARN_SUSPICIOUS_MOVE = YES;
				CLANG_WARN_UNGUARDED_AVAILABILITY = YES_AGGRESSIVE;
				CLANG_WARN_UNREACHABLE_CODE = YES;
				CLANG_WARN__DUPLICATE_METHOD_MATCH = YES;
				COPY_PHASE_STRIP = NO;
				DEBUG_INFORMATION_FORMAT = "dwarf-with-dsym";
				ENABLE_NS_ASSERTIONS = NO;
				ENABLE_STRICT_OBJC_MSGSEND = YES;
				GCC_C_LANGUAGE_STANDARD = gnu11;
				GCC_NO_COMMON_BLOCKS = YES;
				GCC_WARN_64_TO_32_BIT_CONVERSION = YES;
				GCC_WARN_ABOUT_RETURN_TYPE = YES_ERROR;
				GCC_WARN_UNDECLARED_SELECTOR = YES;
				GCC_WARN_UNINITIALIZED_AUTOS = YES_AGGRESSIVE;
				GCC_WARN_UNUSED_FUNCTION = YES;
				GCC_WARN_UNUSED_VARIABLE = YES;
				IPHONEOS_DEPLOYMENT_TARGET = 16.4;
				MTL_ENABLE_DEBUG_INFO = NO;
				MTL_FAST_MATH = YES;
				SDKROOT = iphoneos;
				SWIFT_COMPILATION_MODE = wholemodule;
				SWIFT_OPTIMIZATION_LEVEL = "-O";
				VALIDATE_PRODUCT = YES;
			};
			name = Release;
		};
		9AFDCE5C2AA07399006E383C /* Debug */ = {
			isa = XCBuildConfiguration;
			buildSettings = {
				ASSETCATALOG_COMPILER_APPICON_NAME = AppIcon;
				ASSETCATALOG_COMPILER_GLOBAL_ACCENT_COLOR_NAME = AccentColor;
				CODE_SIGN_STYLE = Automatic;
				CURRENT_PROJECT_VERSION = 1;
				DEVELOPMENT_ASSET_PATHS = "\"GoToSleep/Preview Content\"";
				DEVELOPMENT_TEAM = TYH6XY4N95;
				ENABLE_PREVIEWS = YES;
				GENERATE_INFOPLIST_FILE = YES;
				INFOPLIST_FILE = GoToSleep/Info.plist;
				INFOPLIST_KEY_CFBundleDisplayName = "Go to sleep";
				INFOPLIST_KEY_LSApplicationCategoryType = "public.app-category.lifestyle";
				INFOPLIST_KEY_UIApplicationSceneManifest_Generation = YES;
				INFOPLIST_KEY_UIApplicationSupportsIndirectInputEvents = YES;
				INFOPLIST_KEY_UILaunchScreen_Generation = YES;
				INFOPLIST_KEY_UISupportedInterfaceOrientations_iPad = "UIInterfaceOrientationPortrait UIInterfaceOrientationPortraitUpsideDown UIInterfaceOrientationLandscapeLeft UIInterfaceOrientationLandscapeRight";
				INFOPLIST_KEY_UISupportedInterfaceOrientations_iPhone = "UIInterfaceOrientationPortrait UIInterfaceOrientationLandscapeLeft UIInterfaceOrientationLandscapeRight";
				IPHONEOS_DEPLOYMENT_TARGET = 16.2;
				LD_RUNPATH_SEARCH_PATHS = (
					"$(inherited)",
					"@executable_path/Frameworks",
				);
				MARKETING_VERSION = 1.0;
				PRODUCT_BUNDLE_IDENTIFIER = ekaterinakalina.GoToSleep;
				PRODUCT_NAME = "$(TARGET_NAME)";
				SWIFT_EMIT_LOC_STRINGS = YES;
				SWIFT_VERSION = 5.0;
				TARGETED_DEVICE_FAMILY = "1,2";
			};
			name = Debug;
		};
		9AFDCE5D2AA07399006E383C /* Release */ = {
			isa = XCBuildConfiguration;
			buildSettings = {
				ASSETCATALOG_COMPILER_APPICON_NAME = AppIcon;
				ASSETCATALOG_COMPILER_GLOBAL_ACCENT_COLOR_NAME = AccentColor;
				CODE_SIGN_STYLE = Automatic;
				CURRENT_PROJECT_VERSION = 1;
				DEVELOPMENT_ASSET_PATHS = "\"GoToSleep/Preview Content\"";
				DEVELOPMENT_TEAM = TYH6XY4N95;
				ENABLE_PREVIEWS = YES;
				GENERATE_INFOPLIST_FILE = YES;
				INFOPLIST_FILE = GoToSleep/Info.plist;
				INFOPLIST_KEY_CFBundleDisplayName = "Go to sleep";
				INFOPLIST_KEY_LSApplicationCategoryType = "public.app-category.lifestyle";
				INFOPLIST_KEY_UIApplicationSceneManifest_Generation = YES;
				INFOPLIST_KEY_UIApplicationSupportsIndirectInputEvents = YES;
				INFOPLIST_KEY_UILaunchScreen_Generation = YES;
				INFOPLIST_KEY_UISupportedInterfaceOrientations_iPad = "UIInterfaceOrientationPortrait UIInterfaceOrientationPortraitUpsideDown UIInterfaceOrientationLandscapeLeft UIInterfaceOrientationLandscapeRight";
				INFOPLIST_KEY_UISupportedInterfaceOrientations_iPhone = "UIInterfaceOrientationPortrait UIInterfaceOrientationLandscapeLeft UIInterfaceOrientationLandscapeRight";
				IPHONEOS_DEPLOYMENT_TARGET = 16.2;
				LD_RUNPATH_SEARCH_PATHS = (
					"$(inherited)",
					"@executable_path/Frameworks",
				);
				MARKETING_VERSION = 1.0;
				PRODUCT_BUNDLE_IDENTIFIER = ekaterinakalina.GoToSleep;
				PRODUCT_NAME = "$(TARGET_NAME)";
				SWIFT_EMIT_LOC_STRINGS = YES;
				SWIFT_VERSION = 5.0;
				TARGETED_DEVICE_FAMILY = "1,2";
			};
			name = Release;
		};
/* End XCBuildConfiguration section */

/* Begin XCConfigurationList section */
		9AFDCE322AA07398006E383C /* Build configuration list for PBXProject "GoToSleep" */ = {
			isa = XCConfigurationList;
			buildConfigurations = (
				9AFDCE592AA07399006E383C /* Debug */,
				9AFDCE5A2AA07399006E383C /* Release */,
			);
			defaultConfigurationIsVisible = 0;
			defaultConfigurationName = Release;
		};
		9AFDCE5B2AA07399006E383C /* Build configuration list for PBXNativeTarget "GoToSleep" */ = {
			isa = XCConfigurationList;
			buildConfigurations = (
				9AFDCE5C2AA07399006E383C /* Debug */,
				9AFDCE5D2AA07399006E383C /* Release */,
			);
			defaultConfigurationIsVisible = 0;
			defaultConfigurationName = Release;
		};
/* End XCConfigurationList section */
	};
	rootObject = 9AFDCE2F2AA07398006E383C /* Project object */;
}
